
Microsoft Visual Studio Solution File, Format Version 12.00
# Visual Studio Version 17
VisualStudioVersion = 17.5.33502.453
MinimumVisualStudioVersion = 10.0.40219.1
Project("{FAE04EC0-301F-11D3-BF4B-00C04F79EFBC}") = "Multiverse", "Multiverse\Multiverse.csproj", "{B895CB00-CC41-4E60-A52C-E20768A8BD5A}"
EndProject
Global
	GlobalSection(SolutionConfigurationPlatforms) = preSolution
		Debug|Any CPU = Debug|Any CPU
		Release|Any CPU = Release|Any CPU
	EndGlobalSection
	GlobalSection(ProjectConfigurationPlatforms) = postSolution
		{B895CB00-CC41-4E60-A52C-E20768A8BD5A}.Debug|Any CPU.ActiveCfg = Debug|Any CPU
		{B895CB00-CC41-4E60-A52C-E20768A8BD5A}.Debug|Any CPU.Build.0 = Debug|Any CPU
		{B895CB00-CC41-4E60-A52C-E20768A8BD5A}.Release|Any CPU.ActiveCfg = Release|Any CPU
		{B895CB00-CC41-4E60-A52C-E20768A8BD5A}.Release|Any CPU.Build.0 = Release|Any CPU
	EndGlobalSection
	GlobalSection(SolutionProperties) = preSolution
		HideSolutionNode = FALSE
	EndGlobalSection
	GlobalSection(ExtensibilityGlobals) = postSolution
		SolutionGuid = {D351D696-B866-49EF-8AE4-B5712427ACD2}
	EndGlobalSection
EndGlobal
